
Microsoft Visual Studio Solution File, Format Version 12.00
# Visual Studio Version 18
VisualStudioVersion = 18.0.11205.157
MinimumVisualStudioVersion = 16.0.29123.88
Project("{9A19103F-16F7-4668-BE54-9A1E7A4F7556}") = "Tool", "Tool\Tool.csproj", "{006A3B3A-208E-4D0F-A7E3-DD8E5A45748C}"
EndProject
Project("{9A19103F-16F7-4668-BE54-9A1E7A4F7556}") = "Reporting.Test", "Reporting.Test\Reporting.Test.csproj", "{9A154498-9E41-439E-9BA5-7264DDC060CD}"
EndProject
Project("{9A19103F-16F7-4668-BE54-9A1E7A4F7556}") = "Reporting", "Reporting\Reporting.csproj", "{F4D004A7-4C3B-41FC-A326-C1997ED96F9D}"
EndProject
Project("{2150E333-8FDC-42A3-9474-1A3956D46DE8}") = "Solution Items", "Solution Items", "{73F235C5-5D94-4BC2-A0D3-A8F6CCDCAE08}"
	ProjectSection(SolutionItems) = preProject
		.editorconfig = .editorconfig
		Directory.Build.props = Directory.Build.props
		Directory.Packages.props = Directory.Packages.props
	EndProjectSection
EndProject
Project("{9A19103F-16F7-4668-BE54-9A1E7A4F7556}") = "Scheduling", "Scheduling\Scheduling.csproj", "{6093A1A7-A70A-4490-A95C-EA7AD0945023}"
EndProject
Project("{9A19103F-16F7-4668-BE54-9A1E7A4F7556}") = "Scheduling.Test", "Scheduling.Test\Scheduling.Test.csproj", "{C92ECE1A-7D00-4A16-9CD6-F0A586B0A9DB}"
EndProject
Project("{9A19103F-16F7-4668-BE54-9A1E7A4F7556}") = "Tool.Gui", "Tool.Gui\Tool.Gui.csproj", "{A6191B12-5CC1-40DA-A3AC-8BD07004ECB6}"
EndProject
Project("{FAE04EC0-301F-11D3-BF4B-00C04F79EFBC}") = "Models", "Models\Models.csproj", "{6D5D051C-3C69-42E8-B839-E27600D7F63F}"
EndProject
Global
	GlobalSection(SolutionConfigurationPlatforms) = preSolution
		Debug|Any CPU = Debug|Any CPU
		Debug|x86 = Debug|x86
		Release|Any CPU = Release|Any CPU
		Release|x86 = Release|x86
	EndGlobalSection
	GlobalSection(ProjectConfigurationPlatforms) = postSolution
		{006A3B3A-208E-4D0F-A7E3-DD8E5A45748C}.Debug|Any CPU.ActiveCfg = Debug|Any CPU
		{006A3B3A-208E-4D0F-A7E3-DD8E5A45748C}.Debug|Any CPU.Build.0 = Debug|Any CPU
		{006A3B3A-208E-4D0F-A7E3-DD8E5A45748C}.Debug|x86.ActiveCfg = Debug|Any CPU
		{006A3B3A-208E-4D0F-A7E3-DD8E5A45748C}.Debug|x86.Build.0 = Debug|Any CPU
		{006A3B3A-208E-4D0F-A7E3-DD8E5A45748C}.Release|Any CPU.ActiveCfg = Release|Any CPU
		{006A3B3A-208E-4D0F-A7E3-DD8E5A45748C}.Release|Any CPU.Build.0 = Release|Any CPU
		{006A3B3A-208E-4D0F-A7E3-DD8E5A45748C}.Release|x86.ActiveCfg = Release|Any CPU
		{006A3B3A-208E-4D0F-A7E3-DD8E5A45748C}.Release|x86.Build.0 = Release|Any CPU
		{9A154498-9E41-439E-9BA5-7264DDC060CD}.Debug|Any CPU.ActiveCfg = Debug|Any CPU
		{9A154498-9E41-439E-9BA5-7264DDC060CD}.Debug|Any CPU.Build.0 = Debug|Any CPU
		{9A154498-9E41-439E-9BA5-7264DDC060CD}.Debug|x86.ActiveCfg = Debug|Any CPU
		{9A154498-9E41-439E-9BA5-7264DDC060CD}.Debug|x86.Build.0 = Debug|Any CPU
		{9A154498-9E41-439E-9BA5-7264DDC060CD}.Release|Any CPU.ActiveCfg = Release|Any CPU
		{9A154498-9E41-439E-9BA5-7264DDC060CD}.Release|Any CPU.Build.0 = Release|Any CPU
		{9A154498-9E41-439E-9BA5-7264DDC060CD}.Release|x86.ActiveCfg = Release|Any CPU
		{9A154498-9E41-439E-9BA5-7264DDC060CD}.Release|x86.Build.0 = Release|Any CPU
		{F4D004A7-4C3B-41FC-A326-C1997ED96F9D}.Debug|Any CPU.ActiveCfg = Debug|Any CPU
		{F4D004A7-4C3B-41FC-A326-C1997ED96F9D}.Debug|Any CPU.Build.0 = Debug|Any CPU
		{F4D004A7-4C3B-41FC-A326-C1997ED96F9D}.Debug|x86.ActiveCfg = Debug|Any CPU
		{F4D004A7-4C3B-41FC-A326-C1997ED96F9D}.Debug|x86.Build.0 = Debug|Any CPU
		{F4D004A7-4C3B-41FC-A326-C1997ED96F9D}.Release|Any CPU.ActiveCfg = Release|Any CPU
		{F4D004A7-4C3B-41FC-A326-C1997ED96F9D}.Release|Any CPU.Build.0 = Release|Any CPU
		{F4D004A7-4C3B-41FC-A326-C1997ED96F9D}.Release|x86.ActiveCfg = Release|Any CPU
		{F4D004A7-4C3B-41FC-A326-C1997ED96F9D}.Release|x86.Build.0 = Release|Any CPU
		{6093A1A7-A70A-4490-A95C-EA7AD0945023}.Debug|Any CPU.ActiveCfg = Debug|Any CPU
		{6093A1A7-A70A-4490-A95C-EA7AD0945023}.Debug|Any CPU.Build.0 = Debug|Any CPU
		{6093A1A7-A70A-4490-A95C-EA7AD0945023}.Debug|x86.ActiveCfg = Debug|Any CPU
		{6093A1A7-A70A-4490-A95C-EA7AD0945023}.Debug|x86.Build.0 = Debug|Any CPU
		{6093A1A7-A70A-4490-A95C-EA7AD0945023}.Release|Any CPU.ActiveCfg = Release|Any CPU
		{6093A1A7-A70A-4490-A95C-EA7AD0945023}.Release|Any CPU.Build.0 = Release|Any CPU
		{6093A1A7-A70A-4490-A95C-EA7AD0945023}.Release|x86.ActiveCfg = Release|Any CPU
		{6093A1A7-A70A-4490-A95C-EA7AD0945023}.Release|x86.Build.0 = Release|Any CPU
		{C92ECE1A-7D00-4A16-9CD6-F0A586B0A9DB}.Debug|Any CPU.ActiveCfg = Debug|Any CPU
		{C92ECE1A-7D00-4A16-9CD6-F0A586B0A9DB}.Debug|Any CPU.Build.0 = Debug|Any CPU
		{C92ECE1A-7D00-4A16-9CD6-F0A586B0A9DB}.Debug|x86.ActiveCfg = Debug|Any CPU
		{C92ECE1A-7D00-4A16-9CD6-F0A586B0A9DB}.Debug|x86.Build.0 = Debug|Any CPU
		{C92ECE1A-7D00-4A16-9CD6-F0A586B0A9DB}.Release|Any CPU.ActiveCfg = Release|Any CPU
		{C92ECE1A-7D00-4A16-9CD6-F0A586B0A9DB}.Release|Any CPU.Build.0 = Release|Any CPU
		{C92ECE1A-7D00-4A16-9CD6-F0A586B0A9DB}.Release|x86.ActiveCfg = Release|Any CPU
		{C92ECE1A-7D00-4A16-9CD6-F0A586B0A9DB}.Release|x86.Build.0 = Release|Any CPU
		{A6191B12-5CC1-40DA-A3AC-8BD07004ECB6}.Debug|Any CPU.ActiveCfg = Debug|Any CPU
		{A6191B12-5CC1-40DA-A3AC-8BD07004ECB6}.Debug|Any CPU.Build.0 = Debug|Any CPU
		{A6191B12-5CC1-40DA-A3AC-8BD07004ECB6}.Debug|x86.ActiveCfg = Debug|Any CPU
		{A6191B12-5CC1-40DA-A3AC-8BD07004ECB6}.Debug|x86.Build.0 = Debug|Any CPU
		{A6191B12-5CC1-40DA-A3AC-8BD07004ECB6}.Release|Any CPU.ActiveCfg = Release|Any CPU
		{A6191B12-5CC1-40DA-A3AC-8BD07004ECB6}.Release|Any CPU.Build.0 = Release|Any CPU
		{A6191B12-5CC1-40DA-A3AC-8BD07004ECB6}.Release|x86.ActiveCfg = Release|Any CPU
		{A6191B12-5CC1-40DA-A3AC-8BD07004ECB6}.Release|x86.Build.0 = Release|Any CPU
		{6D5D051C-3C69-42E8-B839-E27600D7F63F}.Debug|Any CPU.ActiveCfg = Debug|Any CPU
		{6D5D051C-3C69-42E8-B839-E27600D7F63F}.Debug|Any CPU.Build.0 = Debug|Any CPU
		{6D5D051C-3C69-42E8-B839-E27600D7F63F}.Debug|x86.ActiveCfg = Debug|Any CPU
		{6D5D051C-3C69-42E8-B839-E27600D7F63F}.Debug|x86.Build.0 = Debug|Any CPU
		{6D5D051C-3C69-42E8-B839-E27600D7F63F}.Release|Any CPU.ActiveCfg = Release|Any CPU
		{6D5D051C-3C69-42E8-B839-E27600D7F63F}.Release|Any CPU.Build.0 = Release|Any CPU
		{6D5D051C-3C69-42E8-B839-E27600D7F63F}.Release|x86.ActiveCfg = Release|Any CPU
		{6D5D051C-3C69-42E8-B839-E27600D7F63F}.Release|x86.Build.0 = Release|Any CPU
	EndGlobalSection
	GlobalSection(SolutionProperties) = preSolution
		HideSolutionNode = FALSE
	EndGlobalSection
	GlobalSection(ExtensibilityGlobals) = postSolution
		SolutionGuid = {07BF30C9-7622-4EB8-BB64-767E145BA0F8}
	EndGlobalSection
EndGlobal
